
Microsoft Visual Studio Solution File, Format Version 12.00
# Visual Studio 15
VisualStudioVersion = 15.0.27703.2035
MinimumVisualStudioVersion = 10.0.40219.1
Project("{FAE04EC0-301F-11D3-BF4B-00C04F79EFBC}") = "P028_MyFirstWpfApp", "P028_MyFirstWpfApp\P028_MyFirstWpfApp.csproj", "{934A2C23-3D63-44D7-BC94-C135336A6F57}"
EndProject
Project("{FAE04EC0-301F-11D3-BF4B-00C04F79EFBC}") = "P050_GridDemo", "P050_GridDemo\P050_GridDemo.csproj", "{C7865801-D64E-48BB-A58B-84727A527B6B}"
EndProject
Project("{FAE04EC0-301F-11D3-BF4B-00C04F79EFBC}") = "P053_DataBindingDemo", "P053_DataBindingDemo\P053_DataBindingDemo.csproj", "{7E9F4899-7F8D-4E82-B8E3-28C30DCAE1F0}"
EndProject
Project("{FAE04EC0-301F-11D3-BF4B-00C04F79EFBC}") = "P059_ResourceDemo", "P059_ResourceDemo\P059_ResourceDemo.csproj", "{B9579852-30ED-4EB2-A13E-46581A0C2359}"
EndProject
Project("{FAE04EC0-301F-11D3-BF4B-00C04F79EFBC}") = "P063_StyleDemo", "P063_StyleDemo\P063_StyleDemo.csproj", "{B0B95367-F0FD-4651-B5F4-BF9B4717228A}"
EndProject
Global
	GlobalSection(SolutionConfigurationPlatforms) = preSolution
		Debug|Any CPU = Debug|Any CPU
		Release|Any CPU = Release|Any CPU
	EndGlobalSection
	GlobalSection(ProjectConfigurationPlatforms) = postSolution
		{934A2C23-3D63-44D7-BC94-C135336A6F57}.Debug|Any CPU.ActiveCfg = Debug|Any CPU
		{934A2C23-3D63-44D7-BC94-C135336A6F57}.Debug|Any CPU.Build.0 = Debug|Any CPU
		{934A2C23-3D63-44D7-BC94-C135336A6F57}.Release|Any CPU.ActiveCfg = Release|Any CPU
		{934A2C23-3D63-44D7-BC94-C135336A6F57}.Release|Any CPU.Build.0 = Release|Any CPU
		{C7865801-D64E-48BB-A58B-84727A527B6B}.Debug|Any CPU.ActiveCfg = Debug|Any CPU
		{C7865801-D64E-48BB-A58B-84727A527B6B}.Debug|Any CPU.Build.0 = Debug|Any CPU
		{C7865801-D64E-48BB-A58B-84727A527B6B}.Release|Any CPU.ActiveCfg = Release|Any CPU
		{C7865801-D64E-48BB-A58B-84727A527B6B}.Release|Any CPU.Build.0 = Release|Any CPU
		{7E9F4899-7F8D-4E82-B8E3-28C30DCAE1F0}.Debug|Any CPU.ActiveCfg = Debug|Any CPU
		{7E9F4899-7F8D-4E82-B8E3-28C30DCAE1F0}.Debug|Any CPU.Build.0 = Debug|Any CPU
		{7E9F4899-7F8D-4E82-B8E3-28C30DCAE1F0}.Release|Any CPU.ActiveCfg = Release|Any CPU
		{7E9F4899-7F8D-4E82-B8E3-28C30DCAE1F0}.Release|Any CPU.Build.0 = Release|Any CPU
		{B9579852-30ED-4EB2-A13E-46581A0C2359}.Debug|Any CPU.ActiveCfg = Debug|Any CPU
		{B9579852-30ED-4EB2-A13E-46581A0C2359}.Debug|Any CPU.Build.0 = Debug|Any CPU
		{B9579852-30ED-4EB2-A13E-46581A0C2359}.Release|Any CPU.ActiveCfg = Release|Any CPU
		{B9579852-30ED-4EB2-A13E-46581A0C2359}.Release|Any CPU.Build.0 = Release|Any CPU
		{B0B95367-F0FD-4651-B5F4-BF9B4717228A}.Debug|Any CPU.ActiveCfg = Debug|Any CPU
		{B0B95367-F0FD-4651-B5F4-BF9B4717228A}.Debug|Any CPU.Build.0 = Debug|Any CPU
		{B0B95367-F0FD-4651-B5F4-BF9B4717228A}.Release|Any CPU.ActiveCfg = Release|Any CPU
		{B0B95367-F0FD-4651-B5F4-BF9B4717228A}.Release|Any CPU.Build.0 = Release|Any CPU
	EndGlobalSection
	GlobalSection(SolutionProperties) = preSolution
		HideSolutionNode = FALSE
	EndGlobalSection
	GlobalSection(ExtensibilityGlobals) = postSolution
		SolutionGuid = {295709A0-64D6-4334-9A23-72BEF24AC80D}
	EndGlobalSection
EndGlobal
