
Microsoft Visual Studio Solution File, Format Version 12.00
# Visual Studio 15
VisualStudioVersion = 15.0.27703.2035
MinimumVisualStudioVersion = 10.0.40219.1
Project("{FAE04EC0-301F-11D3-BF4B-00C04F79EFBC}") = "P028_MyFirstWpfApp", "P028_MyFirstWpfApp\P028_MyFirstWpfApp.csproj", "{934A2C23-3D63-44D7-BC94-C135336A6F57}"
EndProject
Project("{FAE04EC0-301F-11D3-BF4B-00C04F79EFBC}") = "P050_GridDemo", "P050_GridDemo\P050_GridDemo.csproj", "{C7865801-D64E-48BB-A58B-84727A527B6B}"
EndProject
Project("{FAE04EC0-301F-11D3-BF4B-00C04F79EFBC}") = "P053_DataBindingDemo", "P053_DataBindingDemo\P053_DataBindingDemo.csproj", "{7E9F4899-7F8D-4E82-B8E3-28C30DCAE1F0}"
EndProject
Project("{FAE04EC0-301F-11D3-BF4B-00C04F79EFBC}") = "P059_ResourceDemo", "P059_ResourceDemo\P059_ResourceDemo.csproj", "{B9579852-30ED-4EB2-A13E-46581A0C2359}"
EndProject
Project("{FAE04EC0-301F-11D3-BF4B-00C04F79EFBC}") = "P063_StyleDemo", "P063_StyleDemo\P063_StyleDemo.csproj", "{B0B95367-F0FD-4651-B5F4-BF9B4717228A}"
EndProject
Project("{FAE04EC0-301F-11D3-BF4B-00C04F79EFBC}") = "P065_ControlTemplateDemo", "P065_ControlTemplateDemo\P065_ControlTemplateDemo.csproj", "{92D20328-D3D9-473B-8358-9EECC5BD37C2}"
EndProject
Project("{FAE04EC0-301F-11D3-BF4B-00C04F79EFBC}") = "P076_MenuDemo", "P076_MenuDemo\P076_MenuDemo.csproj", "{12340641-4684-40C7-AE1F-3E19D539037E}"
EndProject
Project("{FAE04EC0-301F-11D3-BF4B-00C04F79EFBC}") = "P101_StackPanelDemo", "P101_StackPanelDemo\P101_StackPanelDemo.csproj", "{7059C8EA-1FE3-4E9D-892A-467B4687772A}"
EndProject
Project("{FAE04EC0-301F-11D3-BF4B-00C04F79EFBC}") = "P105_WrapPanelDemo", "P105_WrapPanel\P105_WrapPanelDemo.csproj", "{2AEAB21B-5851-4386-AA62-5C4C8F18C45C}"
EndProject
Project("{FAE04EC0-301F-11D3-BF4B-00C04F79EFBC}") = "P106_DockPanelDemo", "P106_DockPanelDemo\P106_DockPanelDemo.csproj", "{14996AB8-6368-40C9-A027-1A15EDA89D12}"
EndProject
Project("{FAE04EC0-301F-11D3-BF4B-00C04F79EFBC}") = "P114_GridDemo", "P114_GridDemo\P114_GridDemo.csproj", "{6CBFAF16-5B83-4523-BEC9-B0A49A9718D3}"
EndProject
Project("{FAE04EC0-301F-11D3-BF4B-00C04F79EFBC}") = "P122_SharedSizeGroupDemo", "P122_SharedSizeGroupDemo\P122_SharedSizeGroupDemo.csproj", "{2BDFD323-88EA-4578-8FA0-4F2F07DB4967}"
EndProject
Project("{FAE04EC0-301F-11D3-BF4B-00C04F79EFBC}") = "P128_ViewBoxLayoutDemo", "P128_ViewBoxLayoutDemo\P128_ViewBoxLayoutDemo.csproj", "{34D620A3-DCC0-46F0-B940-63432B805403}"
EndProject
Project("{FAE04EC0-301F-11D3-BF4B-00C04F79EFBC}") = "Other01_Command", "Other01_Command\Other01_Command.csproj", "{06C45111-F034-414E-B953-2EBA67C488AE}"
EndProject
Global
	GlobalSection(SolutionConfigurationPlatforms) = preSolution
		Debug|Any CPU = Debug|Any CPU
		Release|Any CPU = Release|Any CPU
	EndGlobalSection
	GlobalSection(ProjectConfigurationPlatforms) = postSolution
		{934A2C23-3D63-44D7-BC94-C135336A6F57}.Debug|Any CPU.ActiveCfg = Debug|Any CPU
		{934A2C23-3D63-44D7-BC94-C135336A6F57}.Debug|Any CPU.Build.0 = Debug|Any CPU
		{934A2C23-3D63-44D7-BC94-C135336A6F57}.Release|Any CPU.ActiveCfg = Release|Any CPU
		{934A2C23-3D63-44D7-BC94-C135336A6F57}.Release|Any CPU.Build.0 = Release|Any CPU
		{C7865801-D64E-48BB-A58B-84727A527B6B}.Debug|Any CPU.ActiveCfg = Debug|Any CPU
		{C7865801-D64E-48BB-A58B-84727A527B6B}.Debug|Any CPU.Build.0 = Debug|Any CPU
		{C7865801-D64E-48BB-A58B-84727A527B6B}.Release|Any CPU.ActiveCfg = Release|Any CPU
		{C7865801-D64E-48BB-A58B-84727A527B6B}.Release|Any CPU.Build.0 = Release|Any CPU
		{7E9F4899-7F8D-4E82-B8E3-28C30DCAE1F0}.Debug|Any CPU.ActiveCfg = Debug|Any CPU
		{7E9F4899-7F8D-4E82-B8E3-28C30DCAE1F0}.Debug|Any CPU.Build.0 = Debug|Any CPU
		{7E9F4899-7F8D-4E82-B8E3-28C30DCAE1F0}.Release|Any CPU.ActiveCfg = Release|Any CPU
		{7E9F4899-7F8D-4E82-B8E3-28C30DCAE1F0}.Release|Any CPU.Build.0 = Release|Any CPU
		{B9579852-30ED-4EB2-A13E-46581A0C2359}.Debug|Any CPU.ActiveCfg = Debug|Any CPU
		{B9579852-30ED-4EB2-A13E-46581A0C2359}.Debug|Any CPU.Build.0 = Debug|Any CPU
		{B9579852-30ED-4EB2-A13E-46581A0C2359}.Release|Any CPU.ActiveCfg = Release|Any CPU
		{B9579852-30ED-4EB2-A13E-46581A0C2359}.Release|Any CPU.Build.0 = Release|Any CPU
		{B0B95367-F0FD-4651-B5F4-BF9B4717228A}.Debug|Any CPU.ActiveCfg = Debug|Any CPU
		{B0B95367-F0FD-4651-B5F4-BF9B4717228A}.Debug|Any CPU.Build.0 = Debug|Any CPU
		{B0B95367-F0FD-4651-B5F4-BF9B4717228A}.Release|Any CPU.ActiveCfg = Release|Any CPU
		{B0B95367-F0FD-4651-B5F4-BF9B4717228A}.Release|Any CPU.Build.0 = Release|Any CPU
		{92D20328-D3D9-473B-8358-9EECC5BD37C2}.Debug|Any CPU.ActiveCfg = Debug|Any CPU
		{92D20328-D3D9-473B-8358-9EECC5BD37C2}.Debug|Any CPU.Build.0 = Debug|Any CPU
		{92D20328-D3D9-473B-8358-9EECC5BD37C2}.Release|Any CPU.ActiveCfg = Release|Any CPU
		{92D20328-D3D9-473B-8358-9EECC5BD37C2}.Release|Any CPU.Build.0 = Release|Any CPU
		{12340641-4684-40C7-AE1F-3E19D539037E}.Debug|Any CPU.ActiveCfg = Debug|Any CPU
		{12340641-4684-40C7-AE1F-3E19D539037E}.Debug|Any CPU.Build.0 = Debug|Any CPU
		{12340641-4684-40C7-AE1F-3E19D539037E}.Release|Any CPU.ActiveCfg = Release|Any CPU
		{12340641-4684-40C7-AE1F-3E19D539037E}.Release|Any CPU.Build.0 = Release|Any CPU
		{7059C8EA-1FE3-4E9D-892A-467B4687772A}.Debug|Any CPU.ActiveCfg = Debug|Any CPU
		{7059C8EA-1FE3-4E9D-892A-467B4687772A}.Debug|Any CPU.Build.0 = Debug|Any CPU
		{7059C8EA-1FE3-4E9D-892A-467B4687772A}.Release|Any CPU.ActiveCfg = Release|Any CPU
		{7059C8EA-1FE3-4E9D-892A-467B4687772A}.Release|Any CPU.Build.0 = Release|Any CPU
		{2AEAB21B-5851-4386-AA62-5C4C8F18C45C}.Debug|Any CPU.ActiveCfg = Debug|Any CPU
		{2AEAB21B-5851-4386-AA62-5C4C8F18C45C}.Debug|Any CPU.Build.0 = Debug|Any CPU
		{2AEAB21B-5851-4386-AA62-5C4C8F18C45C}.Release|Any CPU.ActiveCfg = Release|Any CPU
		{2AEAB21B-5851-4386-AA62-5C4C8F18C45C}.Release|Any CPU.Build.0 = Release|Any CPU
		{14996AB8-6368-40C9-A027-1A15EDA89D12}.Debug|Any CPU.ActiveCfg = Debug|Any CPU
		{14996AB8-6368-40C9-A027-1A15EDA89D12}.Debug|Any CPU.Build.0 = Debug|Any CPU
		{14996AB8-6368-40C9-A027-1A15EDA89D12}.Release|Any CPU.ActiveCfg = Release|Any CPU
		{14996AB8-6368-40C9-A027-1A15EDA89D12}.Release|Any CPU.Build.0 = Release|Any CPU
		{6CBFAF16-5B83-4523-BEC9-B0A49A9718D3}.Debug|Any CPU.ActiveCfg = Debug|Any CPU
		{6CBFAF16-5B83-4523-BEC9-B0A49A9718D3}.Debug|Any CPU.Build.0 = Debug|Any CPU
		{6CBFAF16-5B83-4523-BEC9-B0A49A9718D3}.Release|Any CPU.ActiveCfg = Release|Any CPU
		{6CBFAF16-5B83-4523-BEC9-B0A49A9718D3}.Release|Any CPU.Build.0 = Release|Any CPU
		{2BDFD323-88EA-4578-8FA0-4F2F07DB4967}.Debug|Any CPU.ActiveCfg = Debug|Any CPU
		{2BDFD323-88EA-4578-8FA0-4F2F07DB4967}.Debug|Any CPU.Build.0 = Debug|Any CPU
		{2BDFD323-88EA-4578-8FA0-4F2F07DB4967}.Release|Any CPU.ActiveCfg = Release|Any CPU
		{2BDFD323-88EA-4578-8FA0-4F2F07DB4967}.Release|Any CPU.Build.0 = Release|Any CPU
		{34D620A3-DCC0-46F0-B940-63432B805403}.Debug|Any CPU.ActiveCfg = Debug|Any CPU
		{34D620A3-DCC0-46F0-B940-63432B805403}.Debug|Any CPU.Build.0 = Debug|Any CPU
		{34D620A3-DCC0-46F0-B940-63432B805403}.Release|Any CPU.ActiveCfg = Release|Any CPU
		{34D620A3-DCC0-46F0-B940-63432B805403}.Release|Any CPU.Build.0 = Release|Any CPU
		{06C45111-F034-414E-B953-2EBA67C488AE}.Debug|Any CPU.ActiveCfg = Debug|Any CPU
		{06C45111-F034-414E-B953-2EBA67C488AE}.Debug|Any CPU.Build.0 = Debug|Any CPU
		{06C45111-F034-414E-B953-2EBA67C488AE}.Release|Any CPU.ActiveCfg = Release|Any CPU
		{06C45111-F034-414E-B953-2EBA67C488AE}.Release|Any CPU.Build.0 = Release|Any CPU
	EndGlobalSection
	GlobalSection(SolutionProperties) = preSolution
		HideSolutionNode = FALSE
	EndGlobalSection
	GlobalSection(ExtensibilityGlobals) = postSolution
		SolutionGuid = {295709A0-64D6-4334-9A23-72BEF24AC80D}
	EndGlobalSection
EndGlobal
